PODS:
  - Flutter (1.0.0)
  - fluwx (0.0.1):
    - Flutter

DEPENDENCIES:
  - Flutter (from `.symlinks/flutter/ios`)
  - fluwx (from `.symlinks/plugins/fluwx/ios`)

EXTERNAL SOURCES:
  Flutter:
    :path: ".symlinks/flutter/ios"
  fluwx:
    :path: ".symlinks/plugins/fluwx/ios"

SPEC CHECKSUMS:
  Flutter: 9d0fac939486c9aba2809b7982dfdbb47a7b0296
  fluwx: c193288138fd0dd323f7e3f556cc48190fa6ed10

PODFILE CHECKSUM: 5c65eadc3a5b6d8f1fc498b89f13d074f319e175

COCOAPODS: 1.5.3
